
Microsoft Visual Studio Solution File, Format Version 12.00
# Visual Studio Version 17
VisualStudioVersion = 17.9.34902.65
MinimumVisualStudioVersion = 10.0.40219.1
Project("{FAE04EC0-301F-11D3-BF4B-00C04F79EFBC}") = "Dynamic1toMany", "Dynamic1toMany\Dynamic1toMany.csproj", "{B20DB27F-11F5-4A8F-AF07-ED0C22A5AEA8}"
EndProject
Global
	GlobalSection(SolutionConfigurationPlatforms) = preSolution
		Debug|Any CPU = Debug|Any CPU
		Release|Any CPU = Release|Any CPU
	EndGlobalSection
	GlobalSection(ProjectConfigurationPlatforms) = postSolution
		{B20DB27F-11F5-4A8F-AF07-ED0C22A5AEA8}.Debug|Any CPU.ActiveCfg = Debug|Any CPU
		{B20DB27F-11F5-4A8F-AF07-ED0C22A5AEA8}.Debug|Any CPU.Build.0 = Debug|Any CPU
		{B20DB27F-11F5-4A8F-AF07-ED0C22A5AEA8}.Release|Any CPU.ActiveCfg = Release|Any CPU
		{B20DB27F-11F5-4A8F-AF07-ED0C22A5AEA8}.Release|Any CPU.Build.0 = Release|Any CPU
	EndGlobalSection
	GlobalSection(SolutionProperties) = preSolution
		HideSolutionNode = FALSE
	EndGlobalSection
	GlobalSection(ExtensibilityGlobals) = postSolution
		SolutionGuid = {CFDA99FC-1FB8-4CDF-BFBB-3A71E322E22D}
	EndGlobalSection
EndGlobal
