
Microsoft Visual Studio Solution File, Format Version 12.00
# Visual Studio Version 17
VisualStudioVersion = 17.9.34902.65
MinimumVisualStudioVersion = 10.0.40219.1
Project("{FAE04EC0-301F-11D3-BF4B-00C04F79EFBC}") = "oneToManyToMany", "oneToManyToMany\oneToManyToMany.csproj", "{CFEF20E5-174D-4969-8C84-E95494EEF575}"
EndProject
Global
	GlobalSection(SolutionConfigurationPlatforms) = preSolution
		Debug|Any CPU = Debug|Any CPU
		Release|Any CPU = Release|Any CPU
	EndGlobalSection
	GlobalSection(ProjectConfigurationPlatforms) = postSolution
		{CFEF20E5-174D-4969-8C84-E95494EEF575}.Debug|Any CPU.ActiveCfg = Debug|Any CPU
		{CFEF20E5-174D-4969-8C84-E95494EEF575}.Debug|Any CPU.Build.0 = Debug|Any CPU
		{CFEF20E5-174D-4969-8C84-E95494EEF575}.Release|Any CPU.ActiveCfg = Release|Any CPU
		{CFEF20E5-174D-4969-8C84-E95494EEF575}.Release|Any CPU.Build.0 = Release|Any CPU
	EndGlobalSection
	GlobalSection(SolutionProperties) = preSolution
		HideSolutionNode = FALSE
	EndGlobalSection
	GlobalSection(ExtensibilityGlobals) = postSolution
		SolutionGuid = {ED218A21-06F2-4CFA-AB86-F9FD08263D6F}
	EndGlobalSection
EndGlobal
